[[package]]
name = "alabaster"
version = "0.7.12"
description = "A configurable sidebar-enabled Sphinx theme"
category = "dev"
optional = false
python-versions = "*"

[[package]]
name = "arrow"
version = "1.2.2"
description = "Better dates & times for Python"
category = "main"
optional = false
python-versions = ">=3.6"

[package.dependencies]
python-dateutil = ">=2.7.0"

[[package]]
name = "atomicwrites"
version = "1.4.0"
description = "Atomic file writes."
category = "dev"
optional = false
python-versions = ">=2.7, !=3.0.*, !=3.1.*, !=3.2.*, !=3.3.*"

[[package]]
name = "attrs"
version = "21.4.0"
description = "Classes Without Boilerplate"
category = "main"
optional = false
python-versions = ">=2.7, !=3.0.*, !=3.1.*, !=3.2.*, !=3.3.*, !=3.4.*"

[package.extras]
dev = ["coverage[toml] (>=5.0.2)", "hypothesis", "pympler", "pytest (>=4.3.0)", "six", "mypy", "pytest-mypy-plugins", "zope.interface", "furo", "sphinx", "sphinx-notfound-page", "pre-commit", "cloudpickle"]
docs = ["furo", "sphinx", "zope.interface", "sphinx-notfound-page"]
tests = ["coverage[toml] (>=5.0.2)", "hypothesis", "pympler", "pytest (>=4.3.0)", "six", "mypy", "pytest-mypy-plugins", "zope.interface", "cloudpickle"]
tests_no_zope = ["coverage[toml] (>=5.0.2)", "hypothesis", "pympler", "pytest (>=4.3.0)", "six", "mypy", "pytest-mypy-plugins", "cloudpickle"]

[[package]]
name = "babel"
version = "2.10.1"
description = "Internationalization utilities"
category = "dev"
optional = false
python-versions = ">=3.6"

[package.dependencies]
pytz = ">=2015.7"

[[package]]
name = "boto3"
version = "1.24.8"
description = "The AWS SDK for Python"
category = "main"
optional = false
python-versions = ">= 3.7"

[package.dependencies]
botocore = ">=1.27.8,<1.28.0"
jmespath = ">=0.7.1,<2.0.0"
s3transfer = ">=0.6.0,<0.7.0"

[package.extras]
crt = ["botocore[crt] (>=1.21.0,<2.0a0)"]

[[package]]
name = "botocore"
version = "1.27.8"
description = "Low-level, data-driven core of boto 3."
category = "main"
optional = false
python-versions = ">= 3.7"

[package.dependencies]
jmespath = ">=0.7.1,<2.0.0"
python-dateutil = ">=2.1,<3.0.0"
urllib3 = ">=1.25.4,<1.27"

[package.extras]
crt = ["awscrt (==0.13.8)"]

[[package]]
name = "cached-property"
version = "1.5.2"
description = "A decorator for caching properties in classes."
category = "main"
optional = false
python-versions = "*"

[[package]]
name = "cachetools"
version = "4.2.4"
description = "Extensible memoizing collections and decorators"
category = "main"
optional = false
python-versions = "~=3.5"

[[package]]
name = "cassandra-driver"
version = "3.25.0"
description = "DataStax Driver for Apache Cassandra"
category = "main"
optional = false
python-versions = "*"

[package.dependencies]
geomet = ">=0.1,<0.3"
six = ">=1.9"

[package.extras]
graph = ["gremlinpython (==3.4.6)"]

[[package]]
name = "certifi"
version = "2022.12.7"
description = "Python package for providing Mozilla's CA Bundle."
category = "main"
optional = false
python-versions = ">=3.6"

[[package]]
name = "cffi"
version = "1.15.0"
description = "Foreign Function Interface for Python calling C code."
category = "dev"
optional = false
python-versions = "*"

[package.dependencies]
pycparser = "*"

[[package]]
name = "charset-normalizer"
version = "2.0.12"
description = "The Real First Universal Charset Detector. Open, modern and actively maintained alternative to Chardet."
category = "main"
optional = false
python-versions = ">=3.5.0"

[package.extras]
unicode_backport = ["unicodedata2"]

[[package]]
name = "click"
version = "8.1.3"
description = "Composable command line interface toolkit"
category = "main"
optional = false
python-versions = ">=3.7"

[package.dependencies]
colorama = {version = "*", markers = "platform_system == \"Windows\""}

[[package]]
name = "colorama"
version = "0.4.4"
description = "Cross-platform colored terminal text."
category = "main"
optional = false
python-versions = ">=2.7, !=3.0.*, !=3.1.*, !=3.2.*, !=3.3.*, !=3.4.*"

[[package]]
name = "confluent-kafka"
version = "1.8.2"
description = "Confluent's Python client for Apache Kafka"
category = "main"
optional = false
python-versions = "*"

[package.extras]
avro = ["requests", "fastavro (>=0.23.0,<1.0)", "avro (==1.10.0)", "fastavro (>=1.0)", "avro-python3 (==1.10.0)"]
dev = ["pytest-timeout", "flake8", "requests", "pytest (==4.6.4)", "fastavro (>=0.23.0,<1.0)", "avro (==1.10.0)", "fastavro (>=1.0)", "avro-python3 (==1.10.0)", "pytest"]
doc = ["sphinx", "sphinx-rtd-theme", "requests", "fastavro (>=0.23.0,<1.0)", "avro (==1.10.0)", "fastavro (>=1.0)", "avro-python3 (==1.10.0)"]
json = ["jsonschema", "requests", "pyrsistent (==0.16.1)", "pyrsistent"]
protobuf = ["protobuf", "requests"]
schema-registry = ["requests"]

[[package]]
name = "cramjam"
version = "2.5.0"
description = "Thin Python bindings to de/compression algorithms in Rust"
category = "main"
optional = false
python-versions = "*"

[[package]]
name = "cryptography"
version = "38.0.3"
description = "cryptography is a package which provides cryptographic recipes and primitives to Python developers."
category = "dev"
optional = false
python-versions = ">=3.6"

[package.dependencies]
cffi = ">=1.12"

[package.extras]
docs = ["sphinx (>=1.6.5,!=1.8.0,!=3.1.0,!=3.1.1)", "sphinx-rtd-theme"]
docstest = ["pyenchant (>=1.6.11)", "twine (>=1.12.0)", "sphinxcontrib-spelling (>=4.0.1)"]
pep8test = ["black", "flake8", "flake8-import-order", "pep8-naming"]
sdist = ["setuptools-rust (>=0.11.4)"]
ssh = ["bcrypt (>=3.1.5)"]
test = ["pytest (>=6.2.0)", "pytest-benchmark", "pytest-cov", "pytest-subtests", "pytest-xdist", "pretend", "iso8601", "pytz", "hypothesis (>=1.11.4,!=3.79.2)"]

[[package]]
name = "cython"
version = "0.29.30"
description = "The Cython compiler for writing C extensions for the Python language."
category = "main"
optional = false
python-versions = ">=2.6, !=3.0.*, !=3.1.*, !=3.2.*"

[[package]]
name = "deprecation"
version = "2.1.0"
description = "A library to handle automated deprecations"
category = "dev"
optional = false
python-versions = "*"

[package.dependencies]
packaging = "*"

[[package]]
name = "docker"
version = "5.0.3"
description = "A Python library for the Docker Engine API."
category = "dev"
optional = false
python-versions = ">=3.6"

[package.dependencies]
pywin32 = {version = "227", markers = "sys_platform == \"win32\""}
requests = ">=2.14.2,<2.18.0 || >2.18.0"
websocket-client = ">=0.32.0"

[package.extras]
ssh = ["paramiko (>=2.4.2)"]
tls = ["pyOpenSSL (>=17.5.0)", "cryptography (>=3.4.7)", "idna (>=2.0.0)"]

[[package]]
name = "docutils"
version = "0.17.1"
description = "Docutils -- Python Documentation Utilities"
category = "dev"
optional = false
python-versions = ">=2.7, !=3.0.*, !=3.1.*, !=3.2.*, !=3.3.*, !=3.4.*"

[[package]]
name = "fastparquet"
version = "0.8.1"
description = "Python support for Parquet file format"
category = "main"
optional = false
python-versions = ">=3.7,"

[package.dependencies]
cramjam = ">=2.3.0"
fsspec = "*"
numpy = ">=1.18"
pandas = ">=1.1.0"

[package.extras]
lzo = ["python-lzo"]

[[package]]
name = "freezegun"
version = "1.2.1"
description = "Let your Python tests travel through time"
category = "dev"
optional = false
python-versions = ">=3.6"

[package.dependencies]
python-dateutil = ">=2.7"

[[package]]
name = "fsspec"
version = "2022.5.0"
description = "File-system specification"
category = "main"
optional = false
python-versions = ">=3.7"

[package.extras]
abfs = ["adlfs"]
adl = ["adlfs"]
arrow = ["pyarrow (>=1)"]
dask = ["dask", "distributed"]
dropbox = ["dropboxdrivefs", "requests", "dropbox"]
entrypoints = ["importlib-metadata"]
fuse = ["fusepy"]
gcs = ["gcsfs"]
git = ["pygit2"]
github = ["requests"]
gs = ["gcsfs"]
gui = ["panel"]
hdfs = ["pyarrow (>=1)"]
http = ["requests", "aiohttp"]
libarchive = ["libarchive-c"]
oci = ["ocifs"]
s3 = ["s3fs"]
sftp = ["paramiko"]
smb = ["smbprotocol"]
ssh = ["paramiko"]
tqdm = ["tqdm"]

[[package]]
name = "geomet"
version = "0.2.1.post1"
description = "GeoJSON <-> WKT/WKB conversion utilities"
category = "main"
optional = false
python-versions = ">2.6, !=3.3.*, <4"

[package.dependencies]
click = "*"
six = "*"

[[package]]
name = "gitdb"
version = "4.0.9"
description = "Git Object Database"
category = "main"
optional = false
python-versions = ">=3.6"

[package.dependencies]
smmap = ">=3.0.1,<6"

[[package]]
name = "gitpython"
version = "3.1.27"
description = "GitPython is a python library used to interact with Git repositories"
category = "main"
optional = false
python-versions = ">=3.7"

[package.dependencies]
gitdb = ">=4.0.1,<5"

[[package]]
name = "google-auth"
version = "2.16.2"
description = "Google Authentication Library"
category = "main"
optional = false
python-versions = ">=2.7,!=3.0.*,!=3.1.*,!=3.2.*,!=3.3.*,!=3.4.*,!=3.5.*"

[package.dependencies]
cachetools = ">=2.0.0,<6.0"
pyasn1-modules = ">=0.2.1"
rsa = {version = ">=3.1.4,<5", markers = "python_version >= \"3.6\""}
six = ">=1.9.0"

[package.extras]
aiohttp = ["requests (>=2.20.0,<3.0.0dev)", "aiohttp (>=3.6.2,<4.0.0dev)"]
enterprise_cert = ["cryptography (==36.0.2)", "pyopenssl (==22.0.0)"]
pyopenssl = ["pyopenssl (>=20.0.0)", "cryptography (>=38.0.3)"]
reauth = ["pyu2f (>=0.1.5)"]
requests = ["requests (>=2.20.0,<3.0.0dev)"]

[[package]]
name = "google-auth-oauthlib"
version = "0.5.2"
description = "Google Authentication Library"
category = "main"
optional = false
python-versions = ">=3.6"

[package.dependencies]
google-auth = ">=1.0.0"
requests-oauthlib = ">=0.7.0"

[package.extras]
tool = ["click (>=6.0.0)"]

[[package]]
name = "googleads"
version = "37.0.0"
description = "Google Ads Python Client Library"
category = "main"
optional = false
python-versions = "*"

[package.dependencies]
google-auth = ">=2.0.0,<3.0.0"
google-auth-oauthlib = ">=0.0.1,<1.0.0"
pytz = ">=2015.7"
PyYAML = ">=6.0,<7.0"
requests = ">=2.0.0,<3.0.0"
xmltodict = ">=0.9.2,<1.0.0"
zeep = ">=2.5.0"

[[package]]
name = "gspread"
version = "5.4.0"
description = "Google Spreadsheets Python API"
category = "main"
optional = false
python-versions = ">=3.6, !=3.0.*, !=3.1.*, !=3.2.*, !=3.3.*"

[package.dependencies]
google-auth = ">=1.12.0"
google-auth-oauthlib = ">=0.4.1"

[[package]]
name = "httplib2"
version = "0.20.4"
description = "A comprehensive HTTP client library."
category = "main"
optional = false
python-versions = ">=2.7, !=3.0.*, !=3.1.*, !=3.2.*, !=3.3.*"

[package.dependencies]
pyparsing = {version = ">=2.4.2,<3.0.0 || >3.0.0,<3.0.1 || >3.0.1,<3.0.2 || >3.0.2,<3.0.3 || >3.0.3,<4", markers = "python_version > \"3.0\""}

[[package]]
name = "idna"
version = "3.3"
description = "Internationalized Domain Names in Applications (IDNA)"
category = "main"
optional = false
python-versions = ">=3.5"

[[package]]
name = "imagesize"
version = "1.3.0"
description = "Getting image size from png/jpeg/jpeg2000/gif file"
category = "dev"
optional = false
python-versions = ">=2.7, !=3.0.*, !=3.1.*, !=3.2.*, !=3.3.*"

[[package]]
name = "importlib-metadata"
version = "4.11.4"
description = "Read metadata from Python packages"
category = "dev"
optional = false
python-versions = ">=3.7"

[package.dependencies]
zipp = ">=0.5"

[package.extras]
docs = ["sphinx", "jaraco.packaging (>=9)", "rst.linker (>=1.9)"]
perf = ["ipython"]
testing = ["pytest (>=6)", "pytest-checkdocs (>=2.4)", "pytest-flake8", "pytest-cov", "pytest-enabler (>=1.0.1)", "packaging", "pyfakefs", "flufl.flake8", "pytest-perf (>=0.9.2)", "pytest-black (>=0.3.7)", "pytest-mypy (>=0.9.1)", "importlib-resources (>=1.3)"]

[[package]]
name = "iniconfig"
version = "1.1.1"
description = "iniconfig: brain-dead simple config-ini parsing"
category = "dev"
optional = false
python-versions = "*"

[[package]]
name = "isodate"
version = "0.6.1"
description = "An ISO 8601 date/time/duration parser and formatter"
category = "main"
optional = false
python-versions = "*"

[package.dependencies]
six = "*"

[[package]]
name = "jinja2"
version = "3.1.2"
description = "A very fast and expressive template engine."
category = "dev"
optional = false
python-versions = ">=3.7"

[package.dependencies]
MarkupSafe = ">=2.0"

[package.extras]
i18n = ["Babel (>=2.7)"]

[[package]]
name = "jmespath"
version = "1.0.0"
description = "JSON Matching Expressions"
category = "main"
optional = false
python-versions = ">=3.7"

[[package]]
name = "joblib"
version = "1.1.0"
description = "Lightweight pipelining with Python functions"
category = "main"
optional = false
python-versions = ">=3.6"

[[package]]
name = "lxml"
version = "4.9.1"
description = "Powerful and Pythonic XML processing library combining libxml2/libxslt with the ElementTree API."
category = "main"
optional = false
python-versions = ">=2.7, !=3.0.*, !=3.1.*, !=3.2.*, !=3.3.*, != 3.4.*"

[package.extras]
cssselect = ["cssselect (>=0.7)"]
html5 = ["html5lib"]
htmlsoup = ["beautifulsoup4"]
source = ["Cython (>=0.29.7)"]

[[package]]
name = "markupsafe"
version = "2.1.1"
description = "Safely add untrusted strings to HTML/XML markup."
category = "dev"
optional = false
python-versions = ">=3.7"

[[package]]
name = "mock"
version = "4.0.3"
description = "Rolling backport of unittest.mock for all Pythons"
category = "dev"
optional = false
python-versions = ">=3.6"

[package.extras]
build = ["twine", "wheel", "blurb"]
docs = ["sphinx"]
test = ["pytest (<5.4)", "pytest-cov"]

[[package]]
name = "mocker"
version = "1.1.1"
description = "Graceful platform for test doubles in Python (mocks, stubs, fakes, and dummies)."
category = "dev"
optional = false
python-versions = "*"

[[package]]
name = "moto"
version = "3.1.13"
description = "A library that allows your python tests to easily mock out the boto library"
category = "dev"
optional = false
python-versions = ">=3.6"

[package.dependencies]
boto3 = ">=1.9.201"
botocore = ">=1.12.201"
cryptography = ">=3.3.1"
Jinja2 = ">=2.10.1"
MarkupSafe = "!=2.0.0a1"
python-dateutil = ">=2.1,<3.0.0"
pytz = "*"
requests = ">=2.5"
responses = ">=0.9.0"
werkzeug = ">=0.5"
xmltodict = "*"

[package.extras]
all = ["PyYAML (>=5.1)", "python-jose[cryptography] (>=3.1.0,<4.0.0)", "ecdsa (!=0.15)", "docker (>=2.5.1)", "graphql-core", "jsondiff (>=1.1.2)", "aws-xray-sdk (>=0.93,!=0.96)", "idna (>=2.5,<4)", "cfn-lint (>=0.4.0)", "sshpubkeys (>=3.1.0)", "pyparsing (>=3.0.7)", "openapi-spec-validator (>=0.2.8)", "setuptools"]
apigateway = ["PyYAML (>=5.1)", "python-jose[cryptography] (>=3.1.0,<4.0.0)", "ecdsa (!=0.15)", "openapi-spec-validator (>=0.2.8)"]
apigatewayv2 = ["PyYAML (>=5.1)"]
appsync = ["graphql-core"]
awslambda = ["docker (>=2.5.1)"]
batch = ["docker (>=2.5.1)"]
cloudformation = ["PyYAML (>=5.1)", "python-jose[cryptography] (>=3.1.0,<4.0.0)", "ecdsa (!=0.15)", "docker (>=2.5.1)", "graphql-core", "jsondiff (>=1.1.2)", "aws-xray-sdk (>=0.93,!=0.96)", "idna (>=2.5,<4)", "cfn-lint (>=0.4.0)", "sshpubkeys (>=3.1.0)", "pyparsing (>=3.0.7)", "openapi-spec-validator (>=0.2.8)", "setuptools"]
cognitoidp = ["python-jose[cryptography] (>=3.1.0,<4.0.0)", "ecdsa (!=0.15)"]
ds = ["sshpubkeys (>=3.1.0)"]
dynamodb = ["docker (>=2.5.1)"]
dynamodb2 = ["docker (>=2.5.1)"]
dynamodbstreams = ["docker (>=2.5.1)"]
ebs = ["sshpubkeys (>=3.1.0)"]
ec2 = ["sshpubkeys (>=3.1.0)"]
efs = ["sshpubkeys (>=3.1.0)"]
glue = ["pyparsing (>=3.0.7)"]
iotdata = ["jsondiff (>=1.1.2)"]
route53resolver = ["sshpubkeys (>=3.1.0)"]
s3 = ["PyYAML (>=5.1)"]
server = ["PyYAML (>=5.1)", "python-jose[cryptography] (>=3.1.0,<4.0.0)", "ecdsa (!=0.15)", "docker (>=2.5.1)", "graphql-core", "jsondiff (>=1.1.2)", "aws-xray-sdk (>=0.93,!=0.96)", "idna (>=2.5,<4)", "cfn-lint (>=0.4.0)", "sshpubkeys (>=3.1.0)", "pyparsing (>=3.0.7)", "openapi-spec-validator (>=0.2.8)", "setuptools", "flask", "flask-cors"]
ssm = ["PyYAML (>=5.1)", "dataclasses"]
xray = ["aws-xray-sdk (>=0.93,!=0.96)", "setuptools"]

[[package]]
name = "mysqlclient"
version = "2.1.0"
description = "Python interface to MySQL"
category = "main"
optional = false
python-versions = ">=3.5"

[[package]]
name = "numpy"
version = "1.22.4"
description = "NumPy is the fundamental package for array computing with Python."
category = "main"
optional = false
python-versions = ">=3.8"

[[package]]
name = "oauth2client"
version = "4.1.3"
description = "OAuth 2.0 client library"
category = "main"
optional = false
python-versions = "*"

[package.dependencies]
httplib2 = ">=0.9.1"
pyasn1 = ">=0.1.7"
pyasn1-modules = ">=0.0.5"
rsa = ">=3.1.4"
six = ">=1.6.1"

[[package]]
name = "oauthlib"
version = "3.2.1"
description = "A generic, spec-compliant, thorough implementation of the OAuth request-signing logic"
category = "main"
optional = false
python-versions = ">=3.6"

[package.extras]
rsa = ["cryptography (>=3.0.0)"]
signals = ["blinker (>=1.4.0)"]
signedtoken = ["cryptography (>=3.0.0)", "pyjwt (>=2.0.0,<3)"]

[[package]]
name = "packaging"
version = "20.9"
description = "Core utilities for Python packages"
category = "dev"
optional = false
python-versions = ">=2.7, !=3.0.*, !=3.1.*, !=3.2.*, !=3.3.*"

[package.dependencies]
pyparsing = ">=2.0.2"

[[package]]
name = "pandas"
version = "1.4.2"
description = "Powerful data structures for data analysis, time series, and statistics"
category = "main"
optional = false
python-versions = ">=3.8"

[package.dependencies]
numpy = [
    {version = ">=1.18.5", markers = "platform_machine != \"aarch64\" and platform_machine != \"arm64\" and python_version < \"3.10\""},
    {version = ">=1.19.2", markers = "platform_machine == \"aarch64\" and python_version < \"3.10\""},
    {version = ">=1.20.0", markers = "platform_machine == \"arm64\" and python_version < \"3.10\""},
    {version = ">=1.21.0", markers = "python_version >= \"3.10\""},
]
python-dateutil = ">=2.8.1"
pytz = ">=2020.1"

[package.extras]
test = ["hypothesis (>=5.5.3)", "pytest (>=6.0)", "pytest-xdist (>=1.31)"]

[[package]]
name = "platformdirs"
version = "2.5.2"
description = "A small Python module for determining appropriate platform-specific dirs, e.g. a \"user data dir\"."
category = "main"
optional = false
python-versions = ">=3.7"

[package.extras]
docs = ["furo (>=2021.7.5b38)", "proselint (>=0.10.2)", "sphinx-autodoc-typehints (>=1.12)", "sphinx (>=4)"]
test = ["appdirs (==1.4.4)", "pytest-cov (>=2.7)", "pytest-mock (>=3.6)", "pytest (>=6)"]

[[package]]
name = "pluggy"
version = "1.0.0"
description = "plugin and hook calling mechanisms for python"
category = "dev"
optional = false
python-versions = ">=3.6"

[package.extras]
dev = ["pre-commit", "tox"]
testing = ["pytest", "pytest-benchmark"]

[[package]]
name = "py"
version = "1.11.0"
description = "library with cross-python path, ini-parsing, io, code, log facilities"
category = "dev"
optional = false
python-versions = ">=2.7, !=3.0.*, !=3.1.*, !=3.2.*, !=3.3.*, !=3.4.*"

[[package]]
name = "pyarrow"
version = "8.0.0"
description = "Python library for Apache Arrow"
category = "main"
optional = false
python-versions = ">=3.7"

[package.dependencies]
numpy = ">=1.16.6"

[[package]]
name = "pyasn1"
version = "0.4.8"
description = "ASN.1 types and codecs"
category = "main"
optional = false
python-versions = "*"

[[package]]
name = "pyasn1-modules"
version = "0.2.8"
description = "A collection of ASN.1-based protocols modules."
category = "main"
optional = false
python-versions = "*"

[package.dependencies]
pyasn1 = ">=0.4.6,<0.5.0"

[[package]]
name = "pycparser"
version = "2.21"
description = "C parser in Python"
category = "dev"
optional = false
python-versions = ">=2.7, !=3.0.*, !=3.1.*, !=3.2.*, !=3.3.*"

[[package]]
name = "pygments"
version = "2.12.0"
description = "Pygments is a syntax highlighting package written in Python."
category = "dev"
optional = false
python-versions = ">=3.6"

[[package]]
name = "pyparsing"
version = "3.0.9"
description = "pyparsing module - Classes and methods to define and execute parsing grammars"
category = "main"
optional = false
python-versions = ">=3.6.8"

[package.extras]
diagrams = ["railroad-diagrams", "jinja2"]

[[package]]
name = "pytest"
version = "7.1.2"
description = "pytest: simple powerful testing with Python"
category = "dev"
optional = false
python-versions = ">=3.7"

[package.dependencies]
atomicwrites = {version = ">=1.0", markers = "sys_platform == \"win32\""}
attrs = ">=19.2.0"
colorama = {version = "*", markers = "sys_platform == \"win32\""}
iniconfig = "*"
packaging = "*"
pluggy = ">=0.12,<2.0"
py = ">=1.8.2"
tomli = ">=1.0.0"

[package.extras]
testing = ["argcomplete", "hypothesis (>=3.56)", "mock", "nose", "pygments (>=2.7.2)", "requests", "xmlschema"]

[[package]]
name = "pytest-mock"
version = "3.7.0"
description = "Thin-wrapper around the mock package for easier use with pytest"
category = "dev"
optional = false
python-versions = ">=3.7"

[package.dependencies]
pytest = ">=5.0"

[package.extras]
dev = ["pre-commit", "tox", "pytest-asyncio"]

[[package]]
name = "pytest-stub"
version = "1.1.0"
description = "Stub packages, modules and attributes."
category = "dev"
optional = false
python-versions = "*"

[package.dependencies]
pytest = ">=2.9.0"

[[package]]
name = "python-dateutil"
version = "2.8.2"
description = "Extensions to the standard Python datetime module"
category = "main"
optional = false
python-versions = "!=3.0.*,!=3.1.*,!=3.2.*,>=2.7"

[package.dependencies]
six = ">=1.5"

[[package]]
name = "pytz"
version = "2022.1"
description = "World timezone definitions, modern and historical"
category = "main"
optional = false
python-versions = "*"

[[package]]
name = "pywin32"
version = "227"
description = "Python for Window Extensions"
category = "dev"
optional = false
python-versions = "*"

[[package]]
name = "pyyaml"
version = "6.0"
description = "YAML parser and emitter for Python"
category = "main"
optional = false
python-versions = ">=3.6"

[[package]]
name = "requests"
version = "2.28.0"
description = "Python HTTP for Humans."
category = "main"
optional = false
python-versions = ">=3.7, <4"

[package.dependencies]
certifi = ">=2017.4.17"
charset-normalizer = ">=2.0.0,<2.1.0"
idna = ">=2.5,<4"
urllib3 = ">=1.21.1,<1.27"

[package.extras]
socks = ["PySocks (>=1.5.6,!=1.5.7)"]
use_chardet_on_py3 = ["chardet (>=3.0.2,<5)"]

[[package]]
name = "requests-file"
version = "1.5.1"
description = "File transport adapter for Requests"
category = "main"
optional = false
python-versions = "*"

[package.dependencies]
requests = ">=1.0.0"
six = "*"

[[package]]
name = "requests-oauthlib"
version = "1.3.1"
description = "OAuthlib authentication support for Requests."
category = "main"
optional = false
python-versions = ">=2.7, !=3.0.*, !=3.1.*, !=3.2.*, !=3.3.*"

[package.dependencies]
oauthlib = ">=3.0.0"
requests = ">=2.0.0"

[package.extras]
rsa = ["oauthlib[signedtoken] (>=3.0.0)"]

[[package]]
name = "requests-toolbelt"
version = "0.9.1"
description = "A utility belt for advanced users of python-requests"
category = "main"
optional = false
python-versions = "*"

[package.dependencies]
requests = ">=2.0.1,<3.0.0"

[[package]]
name = "responses"
version = "0.21.0"
description = "A utility library for mocking out the `requests` Python library."
category = "dev"
optional = false
python-versions = ">=3.7"

[package.dependencies]
requests = ">=2.0,<3.0"
urllib3 = ">=1.25.10"

[package.extras]
tests = ["pytest (>=7.0.0)", "coverage (>=6.0.0)", "pytest-cov", "pytest-asyncio", "pytest-localserver", "flake8", "types-mock", "types-requests", "mypy"]

[[package]]
name = "retrying"
version = "1.3.3"
description = "Retrying"
category = "main"
optional = false
python-versions = "*"

[package.dependencies]
six = ">=1.7.0"

[[package]]
name = "rsa"
version = "4.8"
description = "Pure-Python RSA implementation"
category = "main"
optional = false
python-versions = ">=3.6,<4"

[package.dependencies]
pyasn1 = ">=0.1.3"

[[package]]
name = "s3transfer"
version = "0.6.0"
description = "An Amazon S3 Transfer Manager"
category = "main"
optional = false
python-versions = ">= 3.7"

[package.dependencies]
botocore = ">=1.12.36,<2.0a.0"

[package.extras]
crt = ["botocore[crt] (>=1.20.29,<2.0a.0)"]

[[package]]
name = "six"
version = "1.16.0"
description = "Python 2 and 3 compatibility utilities"
category = "main"
optional = false
python-versions = ">=2.7, !=3.0.*, !=3.1.*, !=3.2.*"

[[package]]
name = "smmap"
version = "5.0.0"
description = "A pure Python implementation of a sliding window memory map manager"
category = "main"
optional = false
python-versions = ">=3.6"

[[package]]
name = "snowballstemmer"
version = "2.2.0"
description = "This package provides 29 stemmers for 28 languages generated from Snowball algorithms."
category = "dev"
optional = false
python-versions = "*"

[[package]]
name = "sphinx"
version = "4.5.0"
description = "Python documentation generator"
category = "dev"
optional = false
python-versions = ">=3.6"

[package.dependencies]
alabaster = ">=0.7,<0.8"
babel = ">=1.3"
colorama = {version = ">=0.3.5", markers = "sys_platform == \"win32\""}
docutils = ">=0.14,<0.18"
imagesize = "*"
importlib-metadata = {version = ">=4.4", markers = "python_version < \"3.10\""}
Jinja2 = ">=2.3"
packaging = "*"
Pygments = ">=2.0"
requests = ">=2.5.0"
snowballstemmer = ">=1.1"
sphinxcontrib-applehelp = "*"
sphinxcontrib-devhelp = "*"
sphinxcontrib-htmlhelp = ">=2.0.0"
sphinxcontrib-jsmath = "*"
sphinxcontrib-qthelp = "*"
sphinxcontrib-serializinghtml = ">=1.1.5"

[package.extras]
docs = ["sphinxcontrib-websupport"]
lint = ["flake8 (>=3.5.0)", "isort", "mypy (>=0.931)", "docutils-stubs", "types-typed-ast", "types-requests"]
test = ["pytest", "pytest-cov", "html5lib", "cython", "typed-ast"]

[[package]]
name = "sphinxcontrib-applehelp"
version = "1.0.2"
description = "sphinxcontrib-applehelp is a sphinx extension which outputs Apple help books"
category = "dev"
optional = false
python-versions = ">=3.5"

[package.extras]
lint = ["flake8", "mypy", "docutils-stubs"]
test = ["pytest"]

[[package]]
name = "sphinxcontrib-devhelp"
version = "1.0.2"
description = "sphinxcontrib-devhelp is a sphinx extension which outputs Devhelp document."
category = "dev"
optional = false
python-versions = ">=3.5"

[package.extras]
lint = ["flake8", "mypy", "docutils-stubs"]
test = ["pytest"]

[[package]]
name = "sphinxcontrib-htmlhelp"
version = "2.0.0"
description = "sphinxcontrib-htmlhelp is a sphinx extension which renders HTML help files"
category = "dev"
optional = false
python-versions = ">=3.6"

[package.extras]
lint = ["flake8", "mypy", "docutils-stubs"]
test = ["pytest", "html5lib"]

[[package]]
name = "sphinxcontrib-jsmath"
version = "1.0.1"
description = "A sphinx extension which renders display math in HTML via JavaScript"
category = "dev"
optional = false
python-versions = ">=3.5"

[package.extras]
test = ["pytest", "flake8", "mypy"]

[[package]]
name = "sphinxcontrib-qthelp"
version = "1.0.3"
description = "sphinxcontrib-qthelp is a sphinx extension which outputs QtHelp document."
category = "dev"
optional = false
python-versions = ">=3.5"

[package.extras]
lint = ["flake8", "mypy", "docutils-stubs"]
test = ["pytest"]

[[package]]
name = "sphinxcontrib-serializinghtml"
version = "1.1.5"
description = "sphinxcontrib-serializinghtml is a sphinx extension which outputs \"serialized\" HTML files (json and pickle)."
category = "dev"
optional = false
python-versions = ">=3.5"

[package.extras]
lint = ["flake8", "mypy", "docutils-stubs"]
test = ["pytest"]

[[package]]
name = "stringcase"
version = "1.2.0"
description = "String case converter."
category = "main"
optional = false
python-versions = "*"

[[package]]
name = "testcontainers"
version = "3.5.4"
description = "Library provides lightweight, throwaway instances of common databases, Selenium web browsers, or anything else that can run in a Docker container"
category = "dev"
optional = false
python-versions = ">=3.6"

[package.dependencies]
deprecation = "*"
docker = ">=4.0.0"
wrapt = "*"

[package.extras]
clickhouse = ["clickhouse-driver"]
docker-compose = ["docker-compose"]
google-cloud-pubsub = ["google-cloud-pubsub (<2)"]
kafka = ["kafka-python"]
keycloak = ["python-keycloak"]
mongo = ["pymongo"]
mssqlserver = ["pymssql"]
mysql = ["sqlalchemy", "pymysql"]
neo4j = ["neo4j"]
oracle = ["sqlalchemy", "cx-oracle"]
postgresql = ["sqlalchemy", "psycopg2-binary"]
rabbitmq = ["pika"]
redis = ["redis"]
selenium = ["selenium"]

[[package]]
name = "tomli"
version = "2.0.1"
description = "A lil' TOML parser"
category = "dev"
optional = false
python-versions = ">=3.7"

[[package]]
name = "urllib3"
version = "1.26.9"
description = "HTTP library with thread-safe connection pooling, file post, and more."
category = "main"
optional = false
python-versions = ">=2.7, !=3.0.*, !=3.1.*, !=3.2.*, !=3.3.*, !=3.4.*, <4"

[package.extras]
brotli = ["brotlicffi (>=0.8.0)", "brotli (>=1.0.9)", "brotlipy (>=0.6.0)"]
secure = ["pyOpenSSL (>=0.14)", "cryptography (>=1.3.4)", "idna (>=2.0.0)", "certifi", "ipaddress"]
socks = ["PySocks (>=1.5.6,!=1.5.7,<2.0)"]

[[package]]
name = "websocket-client"
version = "1.3.2"
description = "WebSocket client for Python with low level API options"
category = "dev"
optional = false
python-versions = ">=3.7"

[package.extras]
docs = ["Sphinx (>=3.4)", "sphinx-rtd-theme (>=0.5)"]
optional = ["python-socks", "wsaccel"]
test = ["websockets"]

[[package]]
name = "werkzeug"
version = "2.1.2"
description = "The comprehensive WSGI web application library."
category = "dev"
optional = false
python-versions = ">=3.7"

[package.extras]
watchdog = ["watchdog"]

[[package]]
name = "wrapt"
version = "1.14.1"
description = "Module for decorators, wrappers and monkey patching."
category = "dev"
optional = false
python-versions = "!=3.0.*,!=3.1.*,!=3.2.*,!=3.3.*,!=3.4.*,>=2.7"

[[package]]
name = "xmltodict"
version = "0.13.0"
description = "Makes working with XML feel like you are working with JSON"
category = "main"
optional = false
python-versions = ">=3.4"

[[package]]
name = "zeep"
version = "4.1.0"
description = "A modern/fast Python SOAP client based on lxml / requests"
category = "main"
optional = false
python-versions = ">=3.6"

[package.dependencies]
attrs = ">=17.2.0"
cached-property = ">=1.3.0"
isodate = ">=0.5.4"
lxml = ">=4.6.0"
platformdirs = ">=1.4.0"
pytz = "*"
requests = ">=2.7.0"
requests-file = ">=1.5.1"
requests-toolbelt = ">=0.7.1"

[package.extras]
async = ["httpx"]
docs = ["sphinx (>=1.4.0)"]
test = ["coverage[toml] (==5.2.1)", "freezegun (==0.3.15)", "mock (==2.0.0)", "pretend (==1.0.9)", "pytest-cov (==2.8.1)", "pytest-httpx", "pytest-asyncio", "pytest (==6.0.1)", "requests-mock (>=0.7.0)", "isort (==5.3.2)", "flake8 (==3.8.3)", "flake8-blind-except (==0.1.1)", "flake8-debugger (==3.2.1)", "flake8-imports (==0.1.1)"]
xmlsec = ["xmlsec (>=0.6.1)"]

[[package]]
name = "zipp"
version = "3.8.0"
description = "Backport of pathlib-compatible object wrapper for zip files"
category = "dev"
optional = false
python-versions = ">=3.7"

[package.extras]
docs = ["sphinx", "jaraco.packaging (>=9)", "rst.linker (>=1.9)"]
testing = ["pytest (>=6)", "pytest-checkdocs (>=2.4)", "pytest-flake8", "pytest-cov", "pytest-enabler (>=1.0.1)", "jaraco.itertools", "func-timeout", "pytest-black (>=0.3.7)", "pytest-mypy (>=0.9.1)"]

[metadata]
lock-version = "1.1"
python-versions = ">=3.8,<4"
content-hash = "cd2d773963dc120fe0340f55004f245ed6ac1b62a7b5fc514789299ae8b85ac0"

[metadata.files]
alabaster = []
arrow = []
atomicwrites = []
attrs = []
babel = []
boto3 = []
botocore = []
cached-property = []
cachetools = []
cassandra-driver = []
certifi = []
cffi = []
charset-normalizer = []
click = []
colorama = []
confluent-kafka = []
cramjam = []
cryptography = []
cython = []
deprecation = []
docker = []
docutils = []
fastparquet = []
freezegun = []
fsspec = []
geomet = []
gitdb = []
gitpython = []
google-auth = []
google-auth-oauthlib = []
googleads = []
gspread = []
httplib2 = []
idna = []
imagesize = []
importlib-metadata = []
iniconfig = []
isodate = []
jinja2 = []
jmespath = []
joblib = []
lxml = []
markupsafe = []
mock = []
mocker = []
moto = []
mysqlclient = []
numpy = []
oauth2client = []
oauthlib = []
packaging = []
pandas = []
platformdirs = []
pluggy = []
py = []
pyarrow = []
pyasn1 = []
pyasn1-modules = []
pycparser = []
pygments = []
pyparsing = []
pytest = []
pytest-mock = []
pytest-stub = []
python-dateutil = []
pytz = []
pywin32 = []
pyyaml = []
requests = []
requests-file = []
requests-oauthlib = []
requests-toolbelt = []
responses = []
retrying = []
rsa = []
s3transfer = []
six = []
smmap = []
snowballstemmer = []
sphinx = []
sphinxcontrib-applehelp = []
sphinxcontrib-devhelp = []
sphinxcontrib-htmlhelp = []
sphinxcontrib-jsmath = []
sphinxcontrib-qthelp = []
sphinxcontrib-serializinghtml = []
stringcase = []
testcontainers = []
tomli = []
urllib3 = []
websocket-client = []
werkzeug = []
wrapt = []
xmltodict = []
zeep = []
zipp = []
